
Microsoft Visual Studio Solution File, Format Version 12.00
# Visual Studio Version 16
VisualStudioVersion = 16.0.30011.22
MinimumVisualStudioVersion = 10.0.40219.1
Project("{8BC9CEB8-8B4A-11D0-8D11-00A0C91BC942}") = "mutating_algorithm", "mutating_algorithm.vcxproj", "{B6C17173-F6EB-4B66-B921-5B36A1428A3C}"
EndProject
Global
	GlobalSection(SolutionConfigurationPlatforms) = preSolution
		Debug|x64 = Debug|x64
		Debug|x86 = Debug|x86
		Release|x64 = Release|x64
		Release|x86 = Release|x86
	EndGlobalSection
	GlobalSection(ProjectConfigurationPlatforms) = postSolution
		{B6C17173-F6EB-4B66-B921-5B36A1428A3C}.Debug|x64.ActiveCfg = Debug|x64
		{B6C17173-F6EB-4B66-B921-5B36A1428A3C}.Debug|x64.Build.0 = Debug|x64
		{B6C17173-F6EB-4B66-B921-5B36A1428A3C}.Debug|x86.ActiveCfg = Debug|Win32
		{B6C17173-F6EB-4B66-B921-5B36A1428A3C}.Debug|x86.Build.0 = Debug|Win32
		{B6C17173-F6EB-4B66-B921-5B36A1428A3C}.Release|x64.ActiveCfg = Release|x64
		{B6C17173-F6EB-4B66-B921-5B36A1428A3C}.Release|x64.Build.0 = Release|x64
		{B6C17173-F6EB-4B66-B921-5B36A1428A3C}.Release|x86.ActiveCfg = Release|Win32
		{B6C17173-F6EB-4B66-B921-5B36A1428A3C}.Release|x86.Build.0 = Release|Win32
	EndGlobalSection
	GlobalSection(SolutionProperties) = preSolution
		HideSolutionNode = FALSE
	EndGlobalSection
	GlobalSection(ExtensibilityGlobals) = postSolution
		SolutionGuid = {4D3DD267-2D83-47D3-97B8-7A9071BCEA50}
	EndGlobalSection
EndGlobal
